
Microsoft Visual Studio Solution File, Format Version 12.00
# Visual Studio Version 17
VisualStudioVersion = 17.12.35521.163
MinimumVisualStudioVersion = 10.0.40219.1
Project("{FAE04EC0-301F-11D3-BF4B-00C04F79EFBC}") = "QuickBase.TestAutomationSuite", "QuickBaseTestAutomation\QuickBase.TestAutomationSuite.csproj", "{BEA79ADD-0C8F-4E0F-AD56-9DEEDB23B6AD}"
EndProject
Project("{FAE04EC0-301F-11D3-BF4B-00C04F79EFBC}") = "QuickBase.TestAutomationCore", "QuickBase.TestAutomation.Core\QuickBase.TestAutomationCore.csproj", "{598BF27C-5FAC-4262-8E07-FA38C62B2D71}"
EndProject
Project("{FAE04EC0-301F-11D3-BF4B-00C04F79EFBC}") = "TestResultMailer", "TestResultMailer\TestResultMailer.csproj", "{86C00FB1-85AD-4289-AA73-40C88FDFF604}"
EndProject
Global
	GlobalSection(SolutionConfigurationPlatforms) = preSolution
		Debug|Any CPU = Debug|Any CPU
		Release|Any CPU = Release|Any CPU
	EndGlobalSection
	GlobalSection(ProjectConfigurationPlatforms) = postSolution
		{BEA79ADD-0C8F-4E0F-AD56-9DEEDB23B6AD}.Debug|Any CPU.ActiveCfg = Debug|Any CPU
		{BEA79ADD-0C8F-4E0F-AD56-9DEEDB23B6AD}.Debug|Any CPU.Build.0 = Debug|Any CPU
		{BEA79ADD-0C8F-4E0F-AD56-9DEEDB23B6AD}.Release|Any CPU.ActiveCfg = Release|Any CPU
		{BEA79ADD-0C8F-4E0F-AD56-9DEEDB23B6AD}.Release|Any CPU.Build.0 = Release|Any CPU
		{598BF27C-5FAC-4262-8E07-FA38C62B2D71}.Debug|Any CPU.ActiveCfg = Debug|Any CPU
		{598BF27C-5FAC-4262-8E07-FA38C62B2D71}.Debug|Any CPU.Build.0 = Debug|Any CPU
		{598BF27C-5FAC-4262-8E07-FA38C62B2D71}.Release|Any CPU.ActiveCfg = Release|Any CPU
		{598BF27C-5FAC-4262-8E07-FA38C62B2D71}.Release|Any CPU.Build.0 = Release|Any CPU
		{86C00FB1-85AD-4289-AA73-40C88FDFF604}.Debug|Any CPU.ActiveCfg = Debug|Any CPU
		{86C00FB1-85AD-4289-AA73-40C88FDFF604}.Debug|Any CPU.Build.0 = Debug|Any CPU
		{86C00FB1-85AD-4289-AA73-40C88FDFF604}.Release|Any CPU.ActiveCfg = Release|Any CPU
		{86C00FB1-85AD-4289-AA73-40C88FDFF604}.Release|Any CPU.Build.0 = Release|Any CPU
	EndGlobalSection
	GlobalSection(SolutionProperties) = preSolution
		HideSolutionNode = FALSE
	EndGlobalSection
EndGlobal
